// !$*UTF8*$!
{
	archiveVersion = 1;
	classes = {
	};
	objectVersion = 56;
	objects = {

/* Begin PBXBuildFile section */
		ED0B84AF2BFC96E1005D45D1 /* NotesData.swift in Sources */ = {isa = PBXBuildFile; fileRef = ED0B84AE2BFC96E1005D45D1 /* NotesData.swift */; };
		ED8DA05D2C201B5A0031715B /* NotesTopBar.swift in Sources */ = {isa = PBXBuildFile; fileRef = ED8DA05C2C201B5A0031715B /* NotesTopBar.swift */; };
		ED8DA05F2C20286D0031715B /* NotesSelection.swift in Sources */ = {isa = PBXBuildFile; fileRef = ED8DA05E2C20286D0031715B /* NotesSelection.swift */; };
		ED8DA0612C2029A10031715B /* NotesRow.swift in Sources */ = {isa = PBXBuildFile; fileRef = ED8DA0602C2029A10031715B /* NotesRow.swift */; };
		ED8DA0632C2029BF0031715B /* NotesAdd.swift in Sources */ = {isa = PBXBuildFile; fileRef = ED8DA0622C2029BF0031715B /* NotesAdd.swift */; };
		ED8DA0652C2029D50031715B /* NotesDelete.swift in Sources */ = {isa = PBXBuildFile; fileRef = ED8DA0642C2029D50031715B /* NotesDelete.swift */; };
		EDE503272BF484D900C696DA /* Notes_CalciApp.swift in Sources */ = {isa = PBXBuildFile; fileRef = EDE503262BF484D900C696DA /* Notes_CalciApp.swift */; };
		EDE503292BF484D900C696DA /* BaseScreen.swift in Sources */ = {isa = PBXBuildFile; fileRef = EDE503282BF484D900C696DA /* BaseScreen.swift */; };
		EDE5032B2BF484DA00C696DA /* Assets.xcassets in Resources */ = {isa = PBXBuildFile; fileRef = EDE5032A2BF484DA00C696DA /* Assets.xcassets */; };
		EDE5032E2BF484DA00C696DA /* Preview Assets.xcassets in Resources */ = {isa = PBXBuildFile; fileRef = EDE5032D2BF484DA00C696DA /* Preview Assets.xcassets */; };
		EDE503352BF718A300C696DA /* NotesView.swift in Sources */ = {isa = PBXBuildFile; fileRef = EDE503342BF718A300C696DA /* NotesView.swift */; };
		EDE503372BF71B9700C696DA /* CalciView.swift in Sources */ = {isa = PBXBuildFile; fileRef = EDE503362BF71B9700C696DA /* CalciView.swift */; };
		EDE503392BFB220600C696DA /* NotesSearchBar.swift in Sources */ = {isa = PBXBuildFile; fileRef = EDE503382BFB220600C696DA /* NotesSearchBar.swift */; };
		EDE5033B2BFB5CA900C696DA /* NotesCustomBottomSheet.swift in Sources */ = {isa = PBXBuildFile; fileRef = EDE5033A2BFB5CA900C696DA /* NotesCustomBottomSheet.swift */; };
/* End PBXBuildFile section */

/* Begin PBXFileReference section */
		ED0B84AE2BFC96E1005D45D1 /* NotesData.swift */ = {isa = PBXFileReference; lastKnownFileType = sourcecode.swift; path = NotesData.swift; sourceTree = "<group>"; };
		ED8DA05C2C201B5A0031715B /* NotesTopBar.swift */ = {isa = PBXFileReference; lastKnownFileType = sourcecode.swift; path = NotesTopBar.swift; sourceTree = "<group>"; };
		ED8DA05E2C20286D0031715B /* NotesSelection.swift */ = {isa = PBXFileReference; lastKnownFileType = sourcecode.swift; path = NotesSelection.swift; sourceTree = "<group>"; };
		ED8DA0602C2029A10031715B /* NotesRow.swift */ = {isa = PBXFileReference; lastKnownFileType = sourcecode.swift; path = NotesRow.swift; sourceTree = "<group>"; };
		ED8DA0622C2029BF0031715B /* NotesAdd.swift */ = {isa = PBXFileReference; lastKnownFileType = sourcecode.swift; path = NotesAdd.swift; sourceTree = "<group>"; };
		ED8DA0642C2029D50031715B /* NotesDelete.swift */ = {isa = PBXFileReference; lastKnownFileType = sourcecode.swift; path = NotesDelete.swift; sourceTree = "<group>"; };
		EDE503232BF484D900C696DA /* Notes_Calci.app */ = {isa = PBXFileReference; explicitFileType = wrapper.application; includeInIndex = 0; path = Notes_Calci.app; sourceTree = BUILT_PRODUCTS_DIR; };
		EDE503262BF484D900C696DA /* Notes_CalciApp.swift */ = {isa = PBXFileReference; lastKnownFileType = sourcecode.swift; path = Notes_CalciApp.swift; sourceTree = "<group>"; };
		EDE503282BF484D900C696DA /* BaseScreen.swift */ = {isa = PBXFileReference; lastKnownFileType = sourcecode.swift; path = BaseScreen.swift; sourceTree = "<group>"; };
		EDE5032A2BF484DA00C696DA /* Assets.xcassets */ = {isa = PBXFileReference; lastKnownFileType = folder.assetcatalog; path = Assets.xcassets; sourceTree = "<group>"; };
		EDE5032D2BF484DA00C696DA /* Preview Assets.xcassets */ = {isa = PBXFileReference; lastKnownFileType = folder.assetcatalog; path = "Preview Assets.xcassets"; sourceTree = "<group>"; };
		EDE503342BF718A300C696DA /* NotesView.swift */ = {isa = PBXFileReference; lastKnownFileType = sourcecode.swift; path = NotesView.swift; sourceTree = "<group>"; };
		EDE503362BF71B9700C696DA /* CalciView.swift */ = {isa = PBXFileReference; lastKnownFileType = sourcecode.swift; path = CalciView.swift; sourceTree = "<group>"; };
		EDE503382BFB220600C696DA /* NotesSearchBar.swift */ = {isa = PBXFileReference; lastKnownFileType = sourcecode.swift; path = NotesSearchBar.swift; sourceTree = "<group>"; };
		EDE5033A2BFB5CA900C696DA /* NotesCustomBottomSheet.swift */ = {isa = PBXFileReference; lastKnownFileType = sourcecode.swift; path = NotesCustomBottomSheet.swift; sourceTree = "<group>"; };
/* End PBXFileReference section */

/* Begin PBXFrameworksBuildPhase section */
		EDE503202BF484D900C696DA /* Frameworks */ = {
			isa = PBXFrameworksBuildPhase;
			buildActionMask = 2147483647;
			files = (
			);
			runOnlyForDeploymentPostprocessing = 0;
		};
/* End PBXFrameworksBuildPhase section */

/* Begin PBXGroup section */
		ED0B84B02BFCB92E005D45D1 /* NotesApp */ = {
			isa = PBXGroup;
			children = (
				ED0B84AE2BFC96E1005D45D1 /* NotesData.swift */,
				EDE5033A2BFB5CA900C696DA /* NotesCustomBottomSheet.swift */,
				EDE503382BFB220600C696DA /* NotesSearchBar.swift */,
				EDE503342BF718A300C696DA /* NotesView.swift */,
				ED8DA05C2C201B5A0031715B /* NotesTopBar.swift */,
				ED8DA05E2C20286D0031715B /* NotesSelection.swift */,
				ED8DA0602C2029A10031715B /* NotesRow.swift */,
				ED8DA0622C2029BF0031715B /* NotesAdd.swift */,
				ED8DA0642C2029D50031715B /* NotesDelete.swift */,
			);
			path = NotesApp;
			sourceTree = "<group>";
		};
		EDE5031A2BF484D900C696DA = {
			isa = PBXGroup;
			children = (
				EDE503252BF484D900C696DA /* Notes_Calci */,
				EDE503242BF484D900C696DA /* Products */,
			);
			sourceTree = "<group>";
		};
		EDE503242BF484D900C696DA /* Products */ = {
			isa = PBXGroup;
			children = (
				EDE503232BF484D900C696DA /* Notes_Calci.app */,
			);
			name = Products;
			sourceTree = "<group>";
		};
		EDE503252BF484D900C696DA /* Notes_Calci */ = {
			isa = PBXGroup;
			children = (
				EDE503362BF71B9700C696DA /* CalciView.swift */,
				ED0B84B02BFCB92E005D45D1 /* NotesApp */,
				EDE503262BF484D900C696DA /* Notes_CalciApp.swift */,
				EDE503282BF484D900C696DA /* BaseScreen.swift */,
				EDE5032A2BF484DA00C696DA /* Assets.xcassets */,
				EDE5032C2BF484DA00C696DA /* Preview Content */,
			);
			path = Notes_Calci;
			sourceTree = "<group>";
		};
		EDE5032C2BF484DA00C696DA /* Preview Content */ = {
			isa = PBXGroup;
			children = (
				EDE5032D2BF484DA00C696DA /* Preview Assets.xcassets */,
			);
			path = "Preview Content";
			sourceTree = "<group>";
		};
/* End PBXGroup section */

/* Begin PBXNativeTarget section */
		EDE503222BF484D900C696DA /* Notes_Calci */ = {
			isa = PBXNativeTarget;
			buildConfigurationList = EDE503312BF484DA00C696DA /* Build configuration list for PBXNativeTarget "Notes_Calci" */;
			buildPhases = (
				EDE5031F2BF484D900C696DA /* Sources */,
				EDE503202BF484D900C696DA /* Frameworks */,
				EDE503212BF484D900C696DA /* Resources */,
			);
			buildRules = (
			);
			dependencies = (
			);
			name = Notes_Calci;
			productName = Notes_Calci;
			productReference = EDE503232BF484D900C696DA /* Notes_Calci.app */;
			productType = "com.apple.product-type.application";
		};
/* End PBXNativeTarget section */

/* Begin PBXProject section */
		EDE5031B2BF484D900C696DA /* Project object */ = {
			isa = PBXProject;
			attributes = {
				BuildIndependentTargetsInParallel = 1;
				LastSwiftUpdateCheck = 1510;
				LastUpgradeCheck = 1510;
				TargetAttributes = {
					EDE503222BF484D900C696DA = {
						CreatedOnToolsVersion = 15.1;
					};
				};
			};
			buildConfigurationList = EDE5031E2BF484D900C696DA /* Build configuration list for PBXProject "Notes_Calci" */;
			compatibilityVersion = "Xcode 14.0";
			developmentRegion = en;
			hasScannedForEncodings = 0;
			knownRegions = (
				en,
				Base,
			);
			mainGroup = EDE5031A2BF484D900C696DA;
			productRefGroup = EDE503242BF484D900C696DA /* Products */;
			projectDirPath = "";
			projectRoot = "";
			targets = (
				EDE503222BF484D900C696DA /* Notes_Calci */,
			);
		};
/* End PBXProject section */

/* Begin PBXResourcesBuildPhase section */
		EDE503212BF484D900C696DA /* Resources */ = {
			isa = PBXResourcesBuildPhase;
			buildActionMask = 2147483647;
			files = (
				EDE5032E2BF484DA00C696DA /* Preview Assets.xcassets in Resources */,
				EDE5032B2BF484DA00C696DA /* Assets.xcassets in Resources */,
			);
			runOnlyForDeploymentPostprocessing = 0;
		};
/* End PBXResourcesBuildPhase section */

/* Begin PBXSourcesBuildPhase section */
		EDE5031F2BF484D900C696DA /* Sources */ = {
			isa = PBXSourcesBuildPhase;
			buildActionMask = 2147483647;
			files = (
				EDE503292BF484D900C696DA /* BaseScreen.swift in Sources */,
				EDE5033B2BFB5CA900C696DA /* NotesCustomBottomSheet.swift in Sources */,
				ED8DA05F2C20286D0031715B /* NotesSelection.swift in Sources */,
				EDE503372BF71B9700C696DA /* CalciView.swift in Sources */,
				ED8DA0652C2029D50031715B /* NotesDelete.swift in Sources */,
				ED8DA0632C2029BF0031715B /* NotesAdd.swift in Sources */,
				EDE503272BF484D900C696DA /* Notes_CalciApp.swift in Sources */,
				EDE503392BFB220600C696DA /* NotesSearchBar.swift in Sources */,
				ED8DA05D2C201B5A0031715B /* NotesTopBar.swift in Sources */,
				EDE503352BF718A300C696DA /* NotesView.swift in Sources */,
				ED8DA0612C2029A10031715B /* NotesRow.swift in Sources */,
				ED0B84AF2BFC96E1005D45D1 /* NotesData.swift in Sources */,
			);
			runOnlyForDeploymentPostprocessing = 0;
		};
/* End PBXSourcesBuildPhase section */

/* Begin XCBuildConfiguration section */
		EDE5032F2BF484DA00C696DA /* Debug */ = {
			isa = XCBuildConfiguration;
			buildSettings = {
				ALWAYS_SEARCH_USER_PATHS = NO;
				ASSETCATALOG_COMPILER_GENERATE_SWIFT_ASSET_SYMBOL_EXTENSIONS = YES;
				CLANG_ANALYZER_NONNULL = YES;
				CLANG_ANALYZER_NUMBER_OBJECT_CONVERSION = YES_AGGRESSIVE;
				CLANG_CXX_LANGUAGE_STANDARD = "gnu++20";
				CLANG_ENABLE_MODULES = YES;
				CLANG_ENABLE_OBJC_ARC = YES;
				CLANG_ENABLE_OBJC_WEAK = YES;
				CLANG_WARN_BLOCK_CAPTURE_AUTORELEASING = YES;
				CLANG_WARN_BOOL_CONVERSION = YES;
				CLANG_WARN_COMMA = YES;
				CLANG_WARN_CONSTANT_CONVERSION = YES;
				CLANG_WARN_DEPRECATED_OBJC_IMPLEMENTATIONS = YES;
				CLANG_WARN_DIRECT_OBJC_ISA_USAGE = YES_ERROR;
				CLANG_WARN_DOCUMENTATION_COMMENTS = YES;
				CLANG_WARN_EMPTY_BODY = YES;
				CLANG_WARN_ENUM_CONVERSION = YES;
				CLANG_WARN_INFINITE_RECURSION = YES;
				CLANG_WARN_INT_CONVERSION = YES;
				CLANG_WARN_NON_LITERAL_NULL_CONVERSION = YES;
				CLANG_WARN_OBJC_IMPLICIT_RETAIN_SELF = YES;
				CLANG_WARN_OBJC_LITERAL_CONVERSION = YES;
				CLANG_WARN_OBJC_ROOT_CLASS = YES_ERROR;
				CLANG_WARN_QUOTED_INCLUDE_IN_FRAMEWORK_HEADER = YES;
				CLANG_WARN_RANGE_LOOP_ANALYSIS = YES;
				CLANG_WARN_STRICT_PROTOTYPES = YES;
				CLANG_WARN_SUSPICIOUS_MOVE = YES;
				CLANG_WARN_UNGUARDED_AVAILABILITY = YES_AGGRESSIVE;
				CLANG_WARN_UNREACHABLE_CODE = YES;
				CLANG_WARN__DUPLICATE_METHOD_MATCH = YES;
				COPY_PHASE_STRIP = NO;
				DEBUG_INFORMATION_FORMAT = dwarf;
				ENABLE_STRICT_OBJC_MSGSEND = YES;
				ENABLE_TESTABILITY = YES;
				ENABLE_USER_SCRIPT_SANDBOXING = YES;
				GCC_C_LANGUAGE_STANDARD = gnu17;
				GCC_DYNAMIC_NO_PIC = NO;
				GCC_NO_COMMON_BLOCKS = YES;
				GCC_OPTIMIZATION_LEVEL = 0;
				GCC_PREPROCESSOR_DEFINITIONS = (
					"DEBUG=1",
					"$(inherited)",
				);
				GCC_WARN_64_TO_32_BIT_CONVERSION = YES;
				GCC_WARN_ABOUT_RETURN_TYPE = YES_ERROR;
				GCC_WARN_UNDECLARED_SELECTOR = YES;
				GCC_WARN_UNINITIALIZED_AUTOS = YES_AGGRESSIVE;
				GCC_WARN_UNUSED_FUNCTION = YES;
				GCC_WARN_UNUSED_VARIABLE = YES;
				IPHONEOS_DEPLOYMENT_TARGET = 17.2;
				LOCALIZATION_PREFERS_STRING_CATALOGS = YES;
				MTL_ENABLE_DEBUG_INFO = INCLUDE_SOURCE;
				MTL_FAST_MATH = YES;
				ONLY_ACTIVE_ARCH = YES;
				SDKROOT = iphoneos;
				SWIFT_ACTIVE_COMPILATION_CONDITIONS = "DEBUG $(inherited)";
				SWIFT_OPTIMIZATION_LEVEL = "-Onone";
			};
			name = Debug;
		};
		EDE503302BF484DA00C696DA /* Release */ = {
			isa = XCBuildConfiguration;
			buildSettings = {
				ALWAYS_SEARCH_USER_PATHS = NO;
				ASSETCATALOG_COMPILER_GENERATE_SWIFT_ASSET_SYMBOL_EXTENSIONS = YES;
				CLANG_ANALYZER_NONNULL = YES;
				CLANG_ANALYZER_NUMBER_OBJECT_CONVERSION = YES_AGGRESSIVE;
				CLANG_CXX_LANGUAGE_STANDARD = "gnu++20";
				CLANG_ENABLE_MODULES = YES;
				CLANG_ENABLE_OBJC_ARC = YES;
				CLANG_ENABLE_OBJC_WEAK = YES;
				CLANG_WARN_BLOCK_CAPTURE_AUTORELEASING = YES;
				CLANG_WARN_BOOL_CONVERSION = YES;
				CLANG_WARN_COMMA = YES;
				CLANG_WARN_CONSTANT_CONVERSION = YES;
				CLANG_WARN_DEPRECATED_OBJC_IMPLEMENTATIONS = YES;
				CLANG_WARN_DIRECT_OBJC_ISA_USAGE = YES_ERROR;
				CLANG_WARN_DOCUMENTATION_COMMENTS = YES;
				CLANG_WARN_EMPTY_BODY = YES;
				CLANG_WARN_ENUM_CONVERSION = YES;
				CLANG_WARN_INFINITE_RECURSION = YES;
				CLANG_WARN_INT_CONVERSION = YES;
				CLANG_WARN_NON_LITERAL_NULL_CONVERSION = YES;
				CLANG_WARN_OBJC_IMPLICIT_RETAIN_SELF = YES;
				CLANG_WARN_OBJC_LITERAL_CONVERSION = YES;
				CLANG_WARN_OBJC_ROOT_CLASS = YES_ERROR;
				CLANG_WARN_QUOTED_INCLUDE_IN_FRAMEWORK_HEADER = YES;
				CLANG_WARN_RANGE_LOOP_ANALYSIS = YES;
				CLANG_WARN_STRICT_PROTOTYPES = YES;
				CLANG_WARN_SUSPICIOUS_MOVE = YES;
				CLANG_WARN_UNGUARDED_AVAILABILITY = YES_AGGRESSIVE;
				CLANG_WARN_UNREACHABLE_CODE = YES;
				CLANG_WARN__DUPLICATE_METHOD_MATCH = YES;
				COPY_PHASE_STRIP = NO;
				DEBUG_INFORMATION_FORMAT = "dwarf-with-dsym";
				ENABLE_NS_ASSERTIONS = NO;
				ENABLE_STRICT_OBJC_MSGSEND = YES;
				ENABLE_USER_SCRIPT_SANDBOXING = YES;
				GCC_C_LANGUAGE_STANDARD = gnu17;
				GCC_NO_COMMON_BLOCKS = YES;
				GCC_WARN_64_TO_32_BIT_CONVERSION = YES;
				GCC_WARN_ABOUT_RETURN_TYPE = YES_ERROR;
				GCC_WARN_UNDECLARED_SELECTOR = YES;
				GCC_WARN_UNINITIALIZED_AUTOS = YES_AGGRESSIVE;
				GCC_WARN_UNUSED_FUNCTION = YES;
				GCC_WARN_UNUSED_VARIABLE = YES;
				IPHONEOS_DEPLOYMENT_TARGET = 17.2;
				LOCALIZATION_PREFERS_STRING_CATALOGS = YES;
				MTL_ENABLE_DEBUG_INFO = NO;
				MTL_FAST_MATH = YES;
				SDKROOT = iphoneos;
				SWIFT_COMPILATION_MODE = wholemodule;
				VALIDATE_PRODUCT = YES;
			};
			name = Release;
		};
		EDE503322BF484DA00C696DA /* Debug */ = {
			isa = XCBuildConfiguration;
			buildSettings = {
				ASSETCATALOG_COMPILER_APPICON_NAME = AppIcon;
				ASSETCATALOG_COMPILER_GLOBAL_ACCENT_COLOR_NAME = AccentColor;
				CODE_SIGN_STYLE = Automatic;
				CURRENT_PROJECT_VERSION = 1;
				DEVELOPMENT_ASSET_PATHS = "\"Notes_Calci/Preview Content\"";
				ENABLE_PREVIEWS = YES;
				GENERATE_INFOPLIST_FILE = YES;
				INFOPLIST_KEY_UIApplicationSceneManifest_Generation = YES;
				INFOPLIST_KEY_UIApplicationSupportsIndirectInputEvents = YES;
				INFOPLIST_KEY_UILaunchScreen_Generation = YES;
				INFOPLIST_KEY_UISupportedInterfaceOrientations_iPad = "UIInterfaceOrientationPortrait UIInterfaceOrientationPortraitUpsideDown UIInterfaceOrientationLandscapeLeft UIInterfaceOrientationLandscapeRight";
				INFOPLIST_KEY_UISupportedInterfaceOrientations_iPhone = "UIInterfaceOrientationPortrait UIInterfaceOrientationLandscapeLeft UIInterfaceOrientationLandscapeRight";
				LD_RUNPATH_SEARCH_PATHS = (
					"$(inherited)",
					"@executable_path/Frameworks",
				);
				MARKETING_VERSION = 1.0;
				PRODUCT_BUNDLE_IDENTIFIER = "com.jahnavi.Notes-Calci";
				PRODUCT_NAME = "$(TARGET_NAME)";
				SWIFT_EMIT_LOC_STRINGS = YES;
				SWIFT_VERSION = 5.0;
				TARGETED_DEVICE_FAMILY = "1,2";
			};
			name = Debug;
		};
		EDE503332BF484DA00C696DA /* Release */ = {
			isa = XCBuildConfiguration;
			buildSettings = {
				ASSETCATALOG_COMPILER_APPICON_NAME = AppIcon;
				ASSETCATALOG_COMPILER_GLOBAL_ACCENT_COLOR_NAME = AccentColor;
				CODE_SIGN_STYLE = Automatic;
				CURRENT_PROJECT_VERSION = 1;
				DEVELOPMENT_ASSET_PATHS = "\"Notes_Calci/Preview Content\"";
				ENABLE_PREVIEWS = YES;
				GENERATE_INFOPLIST_FILE = YES;
				INFOPLIST_KEY_UIApplicationSceneManifest_Generation = YES;
				INFOPLIST_KEY_UIApplicationSupportsIndirectInputEvents = YES;
				INFOPLIST_KEY_UILaunchScreen_Generation = YES;
				INFOPLIST_KEY_UISupportedInterfaceOrientations_iPad = "UIInterfaceOrientationPortrait UIInterfaceOrientationPortraitUpsideDown UIInterfaceOrientationLandscapeLeft UIInterfaceOrientationLandscapeRight";
				INFOPLIST_KEY_UISupportedInterfaceOrientations_iPhone = "UIInterfaceOrientationPortrait UIInterfaceOrientationLandscapeLeft UIInterfaceOrientationLandscapeRight";
				LD_RUNPATH_SEARCH_PATHS = (
					"$(inherited)",
					"@executable_path/Frameworks",
				);
				MARKETING_VERSION = 1.0;
				PRODUCT_BUNDLE_IDENTIFIER = "com.jahnavi.Notes-Calci";
				PRODUCT_NAME = "$(TARGET_NAME)";
				SWIFT_EMIT_LOC_STRINGS = YES;
				SWIFT_VERSION = 5.0;
				TARGETED_DEVICE_FAMILY = "1,2";
			};
			name = Release;
		};
/* End XCBuildConfiguration section */

/* Begin XCConfigurationList section */
		EDE5031E2BF484D900C696DA /* Build configuration list for PBXProject "Notes_Calci" */ = {
			isa = XCConfigurationList;
			buildConfigurations = (
				EDE5032F2BF484DA00C696DA /* Debug */,
				EDE503302BF484DA00C696DA /* Release */,
			);
			defaultConfigurationIsVisible = 0;
			defaultConfigurationName = Release;
		};
		EDE503312BF484DA00C696DA /* Build configuration list for PBXNativeTarget "Notes_Calci" */ = {
			isa = XCConfigurationList;
			buildConfigurations = (
				EDE503322BF484DA00C696DA /* Debug */,
				EDE503332BF484DA00C696DA /* Release */,
			);
			defaultConfigurationIsVisible = 0;
			defaultConfigurationName = Release;
		};
/* End XCConfigurationList section */
	};
	rootObject = EDE5031B2BF484D900C696DA /* Project object */;
}
